// !$*UTF8*$!
{
	archiveVersion = 1;
	classes = {
	};
	objectVersion = 51;
	objects = {

/* Begin PBXBuildFile section */
		6301AE2A28B494E1001B03E5 /* InquiryViewController.swift in Sources */ = {isa = PBXBuildFile; fileRef = 6301AE2928B494E1001B03E5 /* InquiryViewController.swift */; };
		630964B7281EDB32006F211B /* TermViewController.swift in Sources */ = {isa = PBXBuildFile; fileRef = 630964B6281EDB32006F211B /* TermViewController.swift */; };
		630964B9281EDBA3006F211B /* PrivacyPolicyViewController.swift in Sources */ = {isa = PBXBuildFile; fileRef = 630964B8281EDBA3006F211B /* PrivacyPolicyViewController.swift */; };
		6309D5FC2939C7E000BBE3EE /* MyCalendarViewController.swift in Sources */ = {isa = PBXBuildFile; fileRef = 6309D5FB2939C7E000BBE3EE /* MyCalendarViewController.swift */; };
		6309D5FF293DAB2600BBE3EE /* MyCalendarTableViewCell.swift in Sources */ = {isa = PBXBuildFile; fileRef = 6309D5FD293DAB2600BBE3EE /* MyCalendarTableViewCell.swift */; };
		6309D600293DAB2600BBE3EE /* MyCalendarTableViewCell.xib in Resources */ = {isa = PBXBuildFile; fileRef = 6309D5FE293DAB2600BBE3EE /* MyCalendarTableViewCell.xib */; };
		6309D60229403BA800BBE3EE /* WKWebViewController.swift in Sources */ = {isa = PBXBuildFile; fileRef = 6309D60129403BA800BBE3EE /* WKWebViewController.swift */; };
		630FAE6D2880F66600A3E0F9 /* ComedianReviewTableViewCell.swift in Sources */ = {isa = PBXBuildFile; fileRef = 630FAE6B2880F66600A3E0F9 /* ComedianReviewTableViewCell.swift */; };
		630FAE6E2880F66600A3E0F9 /* ComedianReviewTableViewCell.xib in Resources */ = {isa = PBXBuildFile; fileRef = 630FAE6C2880F66600A3E0F9 /* ComedianReviewTableViewCell.xib */; };
		63134BB428B706BD00B0926D /* PlaceTextView.swift in Sources */ = {isa = PBXBuildFile; fileRef = 63134BB328B706BD00B0926D /* PlaceTextView.swift */; };
		63134BB628B706D800B0926D /* PlaceTextView.xib in Resources */ = {isa = PBXBuildFile; fileRef = 63134BB528B706D800B0926D /* PlaceTextView.xib */; };
		6313CB8E28ED629E00E71BFB /* NewReviewTabViewController.swift in Sources */ = {isa = PBXBuildFile; fileRef = 6313CB8D28ED629D00E71BFB /* NewReviewTabViewController.swift */; };
		6313CB9228EFA6F400E71BFB /* FollowUserViewController.swift in Sources */ = {isa = PBXBuildFile; fileRef = 6313CB9128EFA6F400E71BFB /* FollowUserViewController.swift */; };
		6313CB9528EFA7A200E71BFB /* FollowUserTableViewCell.swift in Sources */ = {isa = PBXBuildFile; fileRef = 6313CB9328EFA7A200E71BFB /* FollowUserTableViewCell.swift */; };
		6313CB9628EFA7A200E71BFB /* FollowUserTableViewCell.xib in Resources */ = {isa = PBXBuildFile; fileRef = 6313CB9428EFA7A200E71BFB /* FollowUserTableViewCell.xib */; };
		6313CB9828EFB3AD00E71BFB /* ProfilePageTabViewController.swift in Sources */ = {isa = PBXBuildFile; fileRef = 6313CB9728EFB3AD00E71BFB /* ProfilePageTabViewController.swift */; };
		6313CB9C28F0169A00E71BFB /* ProfileStockViewController.swift in Sources */ = {isa = PBXBuildFile; fileRef = 6313CB9B28F0169A00E71BFB /* ProfileStockViewController.swift */; };
		6313CB9E28F0176300E71BFB /* ProfileLikeListViewController.swift in Sources */ = {isa = PBXBuildFile; fileRef = 6313CB9D28F0176300E71BFB /* ProfileLikeListViewController.swift */; };
		631590EC289B95E8001FFDA0 /* AdSupport.framework in Frameworks */ = {isa = PBXBuildFile; fileRef = 631590EB289B95E8001FFDA0 /* AdSupport.framework */; };
		63162843286F3DE8007679DC /* FirstTabViewController.swift in Sources */ = {isa = PBXBuildFile; fileRef = 63162842286F3DE8007679DC /* FirstTabViewController.swift */; };
		63208AB0296CFE1B00030E88 /* ComedianScheduleViewController.swift in Sources */ = {isa = PBXBuildFile; fileRef = 63208AAF296CFE1B00030E88 /* ComedianScheduleViewController.swift */; };
		632F88D127F3054B00350624 /* SettingViewController.swift in Sources */ = {isa = PBXBuildFile; fileRef = 632F88D027F3054B00350624 /* SettingViewController.swift */; };
		632F88D327FA8A7900350624 /* ComedianData.swift in Sources */ = {isa = PBXBuildFile; fileRef = 632F88D227FA8A7900350624 /* ComedianData.swift */; };
		632F88D627FABF9500350624 /* ComedianTableViewCell.swift in Sources */ = {isa = PBXBuildFile; fileRef = 632F88D427FABF9500350624 /* ComedianTableViewCell.swift */; };
		632F88D727FABF9500350624 /* ComedianTableViewCell.xib in Resources */ = {isa = PBXBuildFile; fileRef = 632F88D527FABF9500350624 /* ComedianTableViewCell.xib */; };
		633FA35528E6996B00A0E77C /* NewReivewViewController.swift in Sources */ = {isa = PBXBuildFile; fileRef = 633FA35328E6996B00A0E77C /* NewReivewViewController.swift */; };
		633FA35928E6A9EF00A0E77C /* NewReviewTableViewCell.swift in Sources */ = {isa = PBXBuildFile; fileRef = 633FA35728E6A9EF00A0E77C /* NewReviewTableViewCell.swift */; };
		633FA35A28E6A9EF00A0E77C /* NewReviewTableViewCell.xib in Resources */ = {isa = PBXBuildFile; fileRef = 633FA35828E6A9EF00A0E77C /* NewReviewTableViewCell.xib */; };
		633FA35C28EA774A00A0E77C /* AllReviewViewController.swift in Sources */ = {isa = PBXBuildFile; fileRef = 633FA35B28EA774900A0E77C /* AllReviewViewController.swift */; };
		633FA35F28EBF33500A0E77C /* MyReviewTableViewCell.swift in Sources */ = {isa = PBXBuildFile; fileRef = 633FA35D28EBF33500A0E77C /* MyReviewTableViewCell.swift */; };
		633FA36028EBF33500A0E77C /* MyReviewTableViewCell.xib in Resources */ = {isa = PBXBuildFile; fileRef = 633FA35E28EBF33500A0E77C /* MyReviewTableViewCell.xib */; };
		633FA36228EC70E700A0E77C /* MyPageTabViewController.swift in Sources */ = {isa = PBXBuildFile; fileRef = 633FA36128EC70E700A0E77C /* MyPageTabViewController.swift */; };
		633FA36428EC8AAD00A0E77C /* StockViewController.swift in Sources */ = {isa = PBXBuildFile; fileRef = 633FA36328EC8AAD00A0E77C /* StockViewController.swift */; };
		633FA36628EC8B4A00A0E77C /* FollowingViewController.swift in Sources */ = {isa = PBXBuildFile; fileRef = 633FA36528EC8B4A00A0E77C /* FollowingViewController.swift */; };
		633FA36828EC8B7D00A0E77C /* LikeListViewController.swift in Sources */ = {isa = PBXBuildFile; fileRef = 633FA36728EC8B7D00A0E77C /* LikeListViewController.swift */; };
		633FA36F28ECA3AF00A0E77C /* StockCollectionViewCell.swift in Sources */ = {isa = PBXBuildFile; fileRef = 633FA36D28ECA3AF00A0E77C /* StockCollectionViewCell.swift */; };
		633FA37028ECA3AF00A0E77C /* StockCollectionViewCell.xib in Resources */ = {isa = PBXBuildFile; fileRef = 633FA36E28ECA3AF00A0E77C /* StockCollectionViewCell.xib */; };
		634F867A28A637B700CAE6BA /* AnalyticsUtil.swift in Sources */ = {isa = PBXBuildFile; fileRef = 634F867928A637B600CAE6BA /* AnalyticsUtil.swift */; };
		634F867C28A63C8300CAE6BA /* AnalyticsUserProperty.swift in Sources */ = {isa = PBXBuildFile; fileRef = 634F867B28A63C8300CAE6BA /* AnalyticsUserProperty.swift */; };
		6354CD5C28FFABEE00F08BBD /* CampaignViewController.swift in Sources */ = {isa = PBXBuildFile; fileRef = 6354CD5B28FFABEE00F08BBD /* CampaignViewController.swift */; };
		635AC59628CDABFD00C9D0E5 /* SignInWithAppleIDButton.swift in Sources */ = {isa = PBXBuildFile; fileRef = 635AC59528CDABFD00C9D0E5 /* SignInWithAppleIDButton.swift */; };
		635B9BA4287BEF9300ABF9ED /* RecommendLoginViewController.swift in Sources */ = {isa = PBXBuildFile; fileRef = 635B9BA3287BEF9300ABF9ED /* RecommendLoginViewController.swift */; };
		635FC56128618336000835C4 /* SecondTabViewController.swift in Sources */ = {isa = PBXBuildFile; fileRef = 635FC56028618336000835C4 /* SecondTabViewController.swift */; };
		635FC5632861834F000835C4 /* ThirdTabViewController.swift in Sources */ = {isa = PBXBuildFile; fileRef = 635FC5622861834F000835C4 /* ThirdTabViewController.swift */; };
		635FC56528618364000835C4 /* ForthTabViewController.swift in Sources */ = {isa = PBXBuildFile; fileRef = 635FC56428618364000835C4 /* ForthTabViewController.swift */; };
		63799BF728F796E3000EB575 /* OnboardingCreateNewViewController.swift in Sources */ = {isa = PBXBuildFile; fileRef = 63799BF628F796E3000EB575 /* OnboardingCreateNewViewController.swift */; };
		6381D13127E7319A005BDBE2 /* AppDelegate.swift in Sources */ = {isa = PBXBuildFile; fileRef = 6381D13027E7319A005BDBE2 /* AppDelegate.swift */; };
		6381D13327E7319A005BDBE2 /* SceneDelegate.swift in Sources */ = {isa = PBXBuildFile; fileRef = 6381D13227E7319A005BDBE2 /* SceneDelegate.swift */; };
		6381D13527E7319A005BDBE2 /* ViewController.swift in Sources */ = {isa = PBXBuildFile; fileRef = 6381D13427E7319A005BDBE2 /* ViewController.swift */; };
		6381D13827E7319A005BDBE2 /* Main.storyboard in Resources */ = {isa = PBXBuildFile; fileRef = 6381D13627E7319A005BDBE2 /* Main.storyboard */; };
		6381D13A27E7319D005BDBE2 /* Assets.xcassets in Resources */ = {isa = PBXBuildFile; fileRef = 6381D13927E7319D005BDBE2 /* Assets.xcassets */; };
		6381D13D27E7319D005BDBE2 /* LaunchScreen.storyboard in Resources */ = {isa = PBXBuildFile; fileRef = 6381D13B27E7319D005BDBE2 /* LaunchScreen.storyboard */; };
		638CD1EB27F29812002DCEFC /* StartViewController.swift in Sources */ = {isa = PBXBuildFile; fileRef = 638CD1EA27F29812002DCEFC /* StartViewController.swift */; };
		638CD1ED27F2987B002DCEFC /* CreateNewViewController.swift in Sources */ = {isa = PBXBuildFile; fileRef = 638CD1EC27F2987B002DCEFC /* CreateNewViewController.swift */; };
		639ACA3028483E7E005E7BE3 /* ComedianDetailViewController.swift in Sources */ = {isa = PBXBuildFile; fileRef = 639ACA2F28483E7D005E7BE3 /* ComedianDetailViewController.swift */; };
		639D9A91287558B400291D28 /* SearchCollectionReusableView.swift in Sources */ = {isa = PBXBuildFile; fileRef = 639D9A90287558B400291D28 /* SearchCollectionReusableView.swift */; };
		639DECFB28C77B0E00C79BD3 /* AboutTsubologViewController.swift in Sources */ = {isa = PBXBuildFile; fileRef = 639DECFA28C77B0E00C79BD3 /* AboutTsubologViewController.swift */; };
		639DED0228C89C3D00C79BD3 /* TabViewCollectionViewCell.swift in Sources */ = {isa = PBXBuildFile; fileRef = 639DED0028C89C3D00C79BD3 /* TabViewCollectionViewCell.swift */; };
		639DED0328C89C3D00C79BD3 /* TabViewCollectionViewCell.xib in Resources */ = {isa = PBXBuildFile; fileRef = 639DED0128C89C3D00C79BD3 /* TabViewCollectionViewCell.xib */; };
		63B7055129F118CF000368C5 /* Pods_owaraimemo.framework in Frameworks */ = {isa = PBXBuildFile; fileRef = 63B7055029F118CF000368C5 /* Pods_owaraimemo.framework */; };
		63CAA0BD28ACA3D600AA99E4 /* UserNameViewController.swift in Sources */ = {isa = PBXBuildFile; fileRef = 63CAA0BC28ACA3D600AA99E4 /* UserNameViewController.swift */; };
		63CB62102850A8DE0023638F /* CircleImageView.swift in Sources */ = {isa = PBXBuildFile; fileRef = 63CB620F2850A8DE0023638F /* CircleImageView.swift */; };
		63D7E54327E9942D00E99C75 /* SearchViewController.swift in Sources */ = {isa = PBXBuildFile; fileRef = 63D7E54227E9942D00E99C75 /* SearchViewController.swift */; };
		63D7E54527E9947300E99C75 /* MyReviewViewController.swift in Sources */ = {isa = PBXBuildFile; fileRef = 63D7E54427E9947300E99C75 /* MyReviewViewController.swift */; };
		63D7E54727E9949200E99C75 /* ReviewViewController.swift in Sources */ = {isa = PBXBuildFile; fileRef = 63D7E54627E9949200E99C75 /* ReviewViewController.swift */; };
		63D7E54927E9C4DB00E99C75 /* LoginViewController.swift in Sources */ = {isa = PBXBuildFile; fileRef = 63D7E54827E9C4DB00E99C75 /* LoginViewController.swift */; };
		63D7E54B27E9CE0100E99C75 /* TabBarController.swift in Sources */ = {isa = PBXBuildFile; fileRef = 63D7E54A27E9CE0100E99C75 /* TabBarController.swift */; };
		63D7E54D27EB1CBA00E99C75 /* GoogleService-Info.plist in Resources */ = {isa = PBXBuildFile; fileRef = 63D7E54C27EB1CBA00E99C75 /* GoogleService-Info.plist */; };
		63E81FA628F0C8D900EA113C /* ProfileMyReviewViewController.swift in Sources */ = {isa = PBXBuildFile; fileRef = 63E81FA528F0C8D900EA113C /* ProfileMyReviewViewController.swift */; };
		63E81FA828F533BA00EA113C /* UpgradeNotice.swift in Sources */ = {isa = PBXBuildFile; fileRef = 63E81FA728F533B900EA113C /* UpgradeNotice.swift */; };
		63E81FAA28F5BB6600EA113C /* OnboardingViewController.swift in Sources */ = {isa = PBXBuildFile; fileRef = 63E81FA928F5BB6600EA113C /* OnboardingViewController.swift */; };
		63E81FAC28F5BB9300EA113C /* OnboardingSearchViewController.swift in Sources */ = {isa = PBXBuildFile; fileRef = 63E81FAB28F5BB9300EA113C /* OnboardingSearchViewController.swift */; };
		63E81FAE28F5BBCE00EA113C /* OnboardingReviewViewController.swift in Sources */ = {isa = PBXBuildFile; fileRef = 63E81FAD28F5BBCE00EA113C /* OnboardingReviewViewController.swift */; };
		63E81FB328F66FE700EA113C /* OnboardingPageViewController.swift in Sources */ = {isa = PBXBuildFile; fileRef = 63E81FB228F66FE700EA113C /* OnboardingPageViewController.swift */; };
		63FB59962849EA8D00497210 /* TabViewController.swift in Sources */ = {isa = PBXBuildFile; fileRef = 63FB59952849EA8D00497210 /* TabViewController.swift */; };
/* End PBXBuildFile section */

/* Begin PBXFileReference section */
		4E1AC37FB5968BD61215D815 /* Pods_owaraimemo.framework */ = {isa = PBXFileReference; explicitFileType = wrapper.framework; includeInIndex = 0; path = Pods_owaraimemo.framework; sourceTree = BUILT_PRODUCTS_DIR; };
		6301AE2928B494E1001B03E5 /* InquiryViewController.swift */ = {isa = PBXFileReference; lastKnownFileType = sourcecode.swift; path = InquiryViewController.swift; sourceTree = "<group>"; };
		630964B6281EDB32006F211B /* TermViewController.swift */ = {isa = PBXFileReference; lastKnownFileType = sourcecode.swift; path = TermViewController.swift; sourceTree = "<group>"; };
		630964B8281EDBA3006F211B /* PrivacyPolicyViewController.swift */ = {isa = PBXFileReference; lastKnownFileType = sourcecode.swift; path = PrivacyPolicyViewController.swift; sourceTree = "<group>"; };
		6309D5FB2939C7E000BBE3EE /* MyCalendarViewController.swift */ = {isa = PBXFileReference; lastKnownFileType = sourcecode.swift; path = MyCalendarViewController.swift; sourceTree = "<group>"; };
		6309D5FD293DAB2600BBE3EE /* MyCalendarTableViewCell.swift */ = {isa = PBXFileReference; lastKnownFileType = sourcecode.swift; path = MyCalendarTableViewCell.swift; sourceTree = "<group>"; };
		6309D5FE293DAB2600BBE3EE /* MyCalendarTableViewCell.xib */ = {isa = PBXFileReference; lastKnownFileType = file.xib; path = MyCalendarTableViewCell.xib; sourceTree = "<group>"; };
		6309D60129403BA800BBE3EE /* WKWebViewController.swift */ = {isa = PBXFileReference; lastKnownFileType = sourcecode.swift; path = WKWebViewController.swift; sourceTree = "<group>"; };
		630FAE6B2880F66600A3E0F9 /* ComedianReviewTableViewCell.swift */ = {isa = PBXFileReference; lastKnownFileType = sourcecode.swift; path = ComedianReviewTableViewCell.swift; sourceTree = "<group>"; };
		630FAE6C2880F66600A3E0F9 /* ComedianReviewTableViewCell.xib */ = {isa = PBXFileReference; lastKnownFileType = file.xib; path = ComedianReviewTableViewCell.xib; sourceTree = "<group>"; };
		63134BB328B706BD00B0926D /* PlaceTextView.swift */ = {isa = PBXFileReference; lastKnownFileType = sourcecode.swift; path = PlaceTextView.swift; sourceTree = "<group>"; };
		63134BB528B706D800B0926D /* PlaceTextView.xib */ = {isa = PBXFileReference; lastKnownFileType = file.xib; path = PlaceTextView.xib; sourceTree = "<group>"; };
		6313CB8D28ED629D00E71BFB /* NewReviewTabViewController.swift */ = {isa = PBXFileReference; lastKnownFileType = sourcecode.swift; path = NewReviewTabViewController.swift; sourceTree = "<group>"; };
		6313CB9128EFA6F400E71BFB /* FollowUserViewController.swift */ = {isa = PBXFileReference; lastKnownFileType = sourcecode.swift; path = FollowUserViewController.swift; sourceTree = "<group>"; };
		6313CB9328EFA7A200E71BFB /* FollowUserTableViewCell.swift */ = {isa = PBXFileReference; lastKnownFileType = sourcecode.swift; path = FollowUserTableViewCell.swift; sourceTree = "<group>"; };
		6313CB9428EFA7A200E71BFB /* FollowUserTableViewCell.xib */ = {isa = PBXFileReference; lastKnownFileType = file.xib; path = FollowUserTableViewCell.xib; sourceTree = "<group>"; };
		6313CB9728EFB3AD00E71BFB /* ProfilePageTabViewController.swift */ = {isa = PBXFileReference; lastKnownFileType = sourcecode.swift; path = ProfilePageTabViewController.swift; sourceTree = "<group>"; };
		6313CB9B28F0169A00E71BFB /* ProfileStockViewController.swift */ = {isa = PBXFileReference; lastKnownFileType = sourcecode.swift; path = ProfileStockViewController.swift; sourceTree = "<group>"; };
		6313CB9D28F0176300E71BFB /* ProfileLikeListViewController.swift */ = {isa = PBXFileReference; lastKnownFileType = sourcecode.swift; path = ProfileLikeListViewController.swift; sourceTree = "<group>"; };
		631590EB289B95E8001FFDA0 /* AdSupport.framework */ = {isa = PBXFileReference; lastKnownFileType = wrapper.framework; name = AdSupport.framework; path = System/Library/Frameworks/AdSupport.framework; sourceTree = SDKROOT; };
		63162842286F3DE8007679DC /* FirstTabViewController.swift */ = {isa = PBXFileReference; lastKnownFileType = sourcecode.swift; path = FirstTabViewController.swift; sourceTree = "<group>"; };
		63208AAF296CFE1B00030E88 /* ComedianScheduleViewController.swift */ = {isa = PBXFileReference; lastKnownFileType = sourcecode.swift; path = ComedianScheduleViewController.swift; sourceTree = "<group>"; };
		632A473C2868400100FB28EA /* Carthage */ = {isa = PBXFileReference; lastKnownFileType = folder; path = Carthage; sourceTree = "<group>"; };
		632F88D027F3054B00350624 /* SettingViewController.swift */ = {isa = PBXFileReference; lastKnownFileType = sourcecode.swift; path = SettingViewController.swift; sourceTree = "<group>"; };
		632F88D227FA8A7900350624 /* ComedianData.swift */ = {isa = PBXFileReference; lastKnownFileType = sourcecode.swift; path = ComedianData.swift; sourceTree = "<group>"; };
		632F88D427FABF9500350624 /* ComedianTableViewCell.swift */ = {isa = PBXFileReference; lastKnownFileType = sourcecode.swift; path = ComedianTableViewCell.swift; sourceTree = "<group>"; };
		632F88D527FABF9500350624 /* ComedianTableViewCell.xib */ = {isa = PBXFileReference; lastKnownFileType = file.xib; path = ComedianTableViewCell.xib; sourceTree = "<group>"; };
		633FA35328E6996B00A0E77C /* NewReivewViewController.swift */ = {isa = PBXFileReference; lastKnownFileType = sourcecode.swift; path = NewReivewViewController.swift; sourceTree = "<group>"; };
		633FA35728E6A9EF00A0E77C /* NewReviewTableViewCell.swift */ = {isa = PBXFileReference; lastKnownFileType = sourcecode.swift; path = NewReviewTableViewCell.swift; sourceTree = "<group>"; };
		633FA35828E6A9EF00A0E77C /* NewReviewTableViewCell.xib */ = {isa = PBXFileReference; lastKnownFileType = file.xib; path = NewReviewTableViewCell.xib; sourceTree = "<group>"; };
		633FA35B28EA774900A0E77C /* AllReviewViewController.swift */ = {isa = PBXFileReference; lastKnownFileType = sourcecode.swift; path = AllReviewViewController.swift; sourceTree = "<group>"; };
		633FA35D28EBF33500A0E77C /* MyReviewTableViewCell.swift */ = {isa = PBXFileReference; lastKnownFileType = sourcecode.swift; path = MyReviewTableViewCell.swift; sourceTree = "<group>"; };
		633FA35E28EBF33500A0E77C /* MyReviewTableViewCell.xib */ = {isa = PBXFileReference; lastKnownFileType = file.xib; path = MyReviewTableViewCell.xib; sourceTree = "<group>"; };
		633FA36128EC70E700A0E77C /* MyPageTabViewController.swift */ = {isa = PBXFileReference; lastKnownFileType = sourcecode.swift; path = MyPageTabViewController.swift; sourceTree = "<group>"; };
		633FA36328EC8AAD00A0E77C /* StockViewController.swift */ = {isa = PBXFileReference; lastKnownFileType = sourcecode.swift; path = StockViewController.swift; sourceTree = "<group>"; };
		633FA36528EC8B4A00A0E77C /* FollowingViewController.swift */ = {isa = PBXFileReference; lastKnownFileType = sourcecode.swift; path = FollowingViewController.swift; sourceTree = "<group>"; };
		633FA36728EC8B7D00A0E77C /* LikeListViewController.swift */ = {isa = PBXFileReference; lastKnownFileType = sourcecode.swift; path = LikeListViewController.swift; sourceTree = "<group>"; };
		633FA36D28ECA3AF00A0E77C /* StockCollectionViewCell.swift */ = {isa = PBXFileReference; lastKnownFileType = sourcecode.swift; path = StockCollectionViewCell.swift; sourceTree = "<group>"; };
		633FA36E28ECA3AF00A0E77C /* StockCollectionViewCell.xib */ = {isa = PBXFileReference; lastKnownFileType = file.xib; path = StockCollectionViewCell.xib; sourceTree = "<group>"; };
		634F867928A637B600CAE6BA /* AnalyticsUtil.swift */ = {isa = PBXFileReference; lastKnownFileType = sourcecode.swift; path = AnalyticsUtil.swift; sourceTree = "<group>"; };
		634F867B28A63C8300CAE6BA /* AnalyticsUserProperty.swift */ = {isa = PBXFileReference; lastKnownFileType = sourcecode.swift; path = AnalyticsUserProperty.swift; sourceTree = "<group>"; };
		6354CD5B28FFABEE00F08BBD /* CampaignViewController.swift */ = {isa = PBXFileReference; lastKnownFileType = sourcecode.swift; path = CampaignViewController.swift; sourceTree = "<group>"; };
		635AC59528CDABFD00C9D0E5 /* SignInWithAppleIDButton.swift */ = {isa = PBXFileReference; lastKnownFileType = sourcecode.swift; path = SignInWithAppleIDButton.swift; sourceTree = "<group>"; };
		635AC59928CDB63E00C9D0E5 /* ja-JP */ = {isa = PBXFileReference; lastKnownFileType = text.plist.strings; name = "ja-JP"; path = "ja-JP.lproj/Main.strings"; sourceTree = "<group>"; };
		635AC59A28CDB63E00C9D0E5 /* ja-JP */ = {isa = PBXFileReference; lastKnownFileType = text.plist.strings; name = "ja-JP"; path = "ja-JP.lproj/LaunchScreen.strings"; sourceTree = "<group>"; };
		635B9BA3287BEF9300ABF9ED /* RecommendLoginViewController.swift */ = {isa = PBXFileReference; lastKnownFileType = sourcecode.swift; path = RecommendLoginViewController.swift; sourceTree = "<group>"; };
		635FC56028618336000835C4 /* SecondTabViewController.swift */ = {isa = PBXFileReference; lastKnownFileType = sourcecode.swift; path = SecondTabViewController.swift; sourceTree = "<group>"; };
		635FC5622861834F000835C4 /* ThirdTabViewController.swift */ = {isa = PBXFileReference; lastKnownFileType = sourcecode.swift; path = ThirdTabViewController.swift; sourceTree = "<group>"; };
		635FC56428618364000835C4 /* ForthTabViewController.swift */ = {isa = PBXFileReference; lastKnownFileType = sourcecode.swift; path = ForthTabViewController.swift; sourceTree = "<group>"; };
		63799BF628F796E3000EB575 /* OnboardingCreateNewViewController.swift */ = {isa = PBXFileReference; lastKnownFileType = sourcecode.swift; path = OnboardingCreateNewViewController.swift; sourceTree = "<group>"; };
		6381D12D27E7319A005BDBE2 /* owaraimemo.app */ = {isa = PBXFileReference; explicitFileType = wrapper.application; includeInIndex = 0; path = owaraimemo.app; sourceTree = BUILT_PRODUCTS_DIR; };
		6381D13027E7319A005BDBE2 /* AppDelegate.swift */ = {isa = PBXFileReference; lastKnownFileType = sourcecode.swift; path = AppDelegate.swift; sourceTree = "<group>"; };
		6381D13227E7319A005BDBE2 /* SceneDelegate.swift */ = {isa = PBXFileReference; lastKnownFileType = sourcecode.swift; path = SceneDelegate.swift; sourceTree = "<group>"; };
		6381D13427E7319A005BDBE2 /* ViewController.swift */ = {isa = PBXFileReference; lastKnownFileType = sourcecode.swift; path = ViewController.swift; sourceTree = "<group>"; };
		6381D13727E7319A005BDBE2 /* Base */ = {isa = PBXFileReference; lastKnownFileType = file.storyboard; name = Base; path = Base.lproj/Main.storyboard; sourceTree = "<group>"; };
		6381D13927E7319D005BDBE2 /* Assets.xcassets */ = {isa = PBXFileReference; lastKnownFileType = folder.assetcatalog; path = Assets.xcassets; sourceTree = "<group>"; };
		6381D13C27E7319D005BDBE2 /* Base */ = {isa = PBXFileReference; lastKnownFileType = file.storyboard; name = Base; path = Base.lproj/LaunchScreen.storyboard; sourceTree = "<group>"; };
		6381D13E27E7319D005BDBE2 /* Info.plist */ = {isa = PBXFileReference; lastKnownFileType = text.plist.xml; path = Info.plist; sourceTree = "<group>"; };
		6387589128914558007A761B /* owaraimemo.entitlements */ = {isa = PBXFileReference; lastKnownFileType = text.plist.entitlements; path = owaraimemo.entitlements; sourceTree = "<group>"; };
		638CD1EA27F29812002DCEFC /* StartViewController.swift */ = {isa = PBXFileReference; lastKnownFileType = sourcecode.swift; path = StartViewController.swift; sourceTree = "<group>"; };
		638CD1EC27F2987B002DCEFC /* CreateNewViewController.swift */ = {isa = PBXFileReference; lastKnownFileType = sourcecode.swift; path = CreateNewViewController.swift; sourceTree = "<group>"; };
		639ACA2F28483E7D005E7BE3 /* ComedianDetailViewController.swift */ = {isa = PBXFileReference; lastKnownFileType = sourcecode.swift; path = ComedianDetailViewController.swift; sourceTree = "<group>"; };
		639D9A90287558B400291D28 /* SearchCollectionReusableView.swift */ = {isa = PBXFileReference; lastKnownFileType = sourcecode.swift; path = SearchCollectionReusableView.swift; sourceTree = "<group>"; };
		639DECFA28C77B0E00C79BD3 /* AboutTsubologViewController.swift */ = {isa = PBXFileReference; lastKnownFileType = sourcecode.swift; path = AboutTsubologViewController.swift; sourceTree = "<group>"; };
		639DED0028C89C3D00C79BD3 /* TabViewCollectionViewCell.swift */ = {isa = PBXFileReference; lastKnownFileType = sourcecode.swift; path = TabViewCollectionViewCell.swift; sourceTree = "<group>"; };
		639DED0128C89C3D00C79BD3 /* TabViewCollectionViewCell.xib */ = {isa = PBXFileReference; lastKnownFileType = file.xib; path = TabViewCollectionViewCell.xib; sourceTree = "<group>"; };
		63B7054E29F118C0000368C5 /* Pods_owaraimemo.framework */ = {isa = PBXFileReference; explicitFileType = wrapper.framework; path = Pods_owaraimemo.framework; sourceTree = BUILT_PRODUCTS_DIR; };
		63B7055029F118CF000368C5 /* Pods_owaraimemo.framework */ = {isa = PBXFileReference; explicitFileType = wrapper.framework; path = Pods_owaraimemo.framework; sourceTree = BUILT_PRODUCTS_DIR; };
		63CAA0BC28ACA3D600AA99E4 /* UserNameViewController.swift */ = {isa = PBXFileReference; lastKnownFileType = sourcecode.swift; path = UserNameViewController.swift; sourceTree = "<group>"; };
		63CB620F2850A8DE0023638F /* CircleImageView.swift */ = {isa = PBXFileReference; lastKnownFileType = sourcecode.swift; path = CircleImageView.swift; sourceTree = "<group>"; };
		63D7E54227E9942D00E99C75 /* SearchViewController.swift */ = {isa = PBXFileReference; lastKnownFileType = sourcecode.swift; path = SearchViewController.swift; sourceTree = "<group>"; };
		63D7E54427E9947300E99C75 /* MyReviewViewController.swift */ = {isa = PBXFileReference; lastKnownFileType = sourcecode.swift; path = MyReviewViewController.swift; sourceTree = "<group>"; };
		63D7E54627E9949200E99C75 /* ReviewViewController.swift */ = {isa = PBXFileReference; lastKnownFileType = sourcecode.swift; path = ReviewViewController.swift; sourceTree = "<group>"; };
		63D7E54827E9C4DB00E99C75 /* LoginViewController.swift */ = {isa = PBXFileReference; lastKnownFileType = sourcecode.swift; path = LoginViewController.swift; sourceTree = "<group>"; };
		63D7E54A27E9CE0100E99C75 /* TabBarController.swift */ = {isa = PBXFileReference; lastKnownFileType = sourcecode.swift; path = TabBarController.swift; sourceTree = "<group>"; };
		63D7E54C27EB1CBA00E99C75 /* GoogleService-Info.plist */ = {isa = PBXFileReference; fileEncoding = 4; lastKnownFileType = text.plist.xml; path = "GoogleService-Info.plist"; sourceTree = "<group>"; };
		63E81FA528F0C8D900EA113C /* ProfileMyReviewViewController.swift */ = {isa = PBXFileReference; lastKnownFileType = sourcecode.swift; path = ProfileMyReviewViewController.swift; sourceTree = "<group>"; };
		63E81FA728F533B900EA113C /* UpgradeNotice.swift */ = {isa = PBXFileReference; lastKnownFileType = sourcecode.swift; path = UpgradeNotice.swift; sourceTree = "<group>"; };
		63E81FA928F5BB6600EA113C /* OnboardingViewController.swift */ = {isa = PBXFileReference; lastKnownFileType = sourcecode.swift; path = OnboardingViewController.swift; sourceTree = "<group>"; };
		63E81FAB28F5BB9300EA113C /* OnboardingSearchViewController.swift */ = {isa = PBXFileReference; lastKnownFileType = sourcecode.swift; path = OnboardingSearchViewController.swift; sourceTree = "<group>"; };
		63E81FAD28F5BBCE00EA113C /* OnboardingReviewViewController.swift */ = {isa = PBXFileReference; lastKnownFileType = sourcecode.swift; path = OnboardingReviewViewController.swift; sourceTree = "<group>"; };
		63E81FB228F66FE700EA113C /* OnboardingPageViewController.swift */ = {isa = PBXFileReference; lastKnownFileType = sourcecode.swift; path = OnboardingPageViewController.swift; sourceTree = "<group>"; };
		63FB59952849EA8D00497210 /* TabViewController.swift */ = {isa = PBXFileReference; lastKnownFileType = sourcecode.swift; path = TabViewController.swift; sourceTree = "<group>"; };
		9A688DBA21CF5337964A2007 /* Pods-owaraimemo.debug.xcconfig */ = {isa = PBXFileReference; includeInIndex = 1; lastKnownFileType = text.xcconfig; name = "Pods-owaraimemo.debug.xcconfig"; path = "Target Support Files/Pods-owaraimemo/Pods-owaraimemo.debug.xcconfig"; sourceTree = "<group>"; };
		C59E7E0716B715DBE0A727EF /* Pods-owaraimemo.release.xcconfig */ = {isa = PBXFileReference; includeInIndex = 1; lastKnownFileType = text.xcconfig; name = "Pods-owaraimemo.release.xcconfig"; path = "Target Support Files/Pods-owaraimemo/Pods-owaraimemo.release.xcconfig"; sourceTree = "<group>"; };
/* End PBXFileReference section */

/* Begin PBXFrameworksBuildPhase section */
		6381D12A27E7319A005BDBE2 /* Frameworks */ = {
			isa = PBXFrameworksBuildPhase;
			buildActionMask = 2147483647;
			files = (
				63B7055129F118CF000368C5 /* Pods_owaraimemo.framework in Frameworks */,
				631590EC289B95E8001FFDA0 /* AdSupport.framework in Frameworks */,
			);
			runOnlyForDeploymentPostprocessing = 0;
		};
/* End PBXFrameworksBuildPhase section */

/* Begin PBXGroup section */
		5C389A654E79E1BD6CF35195 /* Pods */ = {
			isa = PBXGroup;
			children = (
				9A688DBA21CF5337964A2007 /* Pods-owaraimemo.debug.xcconfig */,
				C59E7E0716B715DBE0A727EF /* Pods-owaraimemo.release.xcconfig */,
			);
			path = Pods;
			sourceTree = "<group>";
		};
		6381D12427E7319A005BDBE2 = {
			isa = PBXGroup;
			children = (
				6381D12F27E7319A005BDBE2 /* owaraimemo */,
				6381D12E27E7319A005BDBE2 /* Products */,
				5C389A654E79E1BD6CF35195 /* Pods */,
				676D7043B340FDF9A582A809 /* Frameworks */,
			);
			sourceTree = "<group>";
		};
		6381D12E27E7319A005BDBE2 /* Products */ = {
			isa = PBXGroup;
			children = (
				6381D12D27E7319A005BDBE2 /* owaraimemo.app */,
			);
			name = Products;
			sourceTree = "<group>";
		};
		6381D12F27E7319A005BDBE2 /* owaraimemo */ = {
			isa = PBXGroup;
			children = (
				6387589128914558007A761B /* owaraimemo.entitlements */,
				6381D13027E7319A005BDBE2 /* AppDelegate.swift */,
				634F867928A637B600CAE6BA /* AnalyticsUtil.swift */,
				634F867B28A63C8300CAE6BA /* AnalyticsUserProperty.swift */,
				6381D13227E7319A005BDBE2 /* SceneDelegate.swift */,
				6381D13427E7319A005BDBE2 /* ViewController.swift */,
				63E81FB228F66FE700EA113C /* OnboardingPageViewController.swift */,
				63E81FA928F5BB6600EA113C /* OnboardingViewController.swift */,
				63E81FAB28F5BB9300EA113C /* OnboardingSearchViewController.swift */,
				63E81FAD28F5BBCE00EA113C /* OnboardingReviewViewController.swift */,
				63799BF628F796E3000EB575 /* OnboardingCreateNewViewController.swift */,
				638CD1EA27F29812002DCEFC /* StartViewController.swift */,
				635AC59528CDABFD00C9D0E5 /* SignInWithAppleIDButton.swift */,
				63CAA0BC28ACA3D600AA99E4 /* UserNameViewController.swift */,
				635B9BA3287BEF9300ABF9ED /* RecommendLoginViewController.swift */,
				638CD1EC27F2987B002DCEFC /* CreateNewViewController.swift */,
				63D7E54827E9C4DB00E99C75 /* LoginViewController.swift */,
				630964B6281EDB32006F211B /* TermViewController.swift */,
				630964B8281EDBA3006F211B /* PrivacyPolicyViewController.swift */,
				63D7E54A27E9CE0100E99C75 /* TabBarController.swift */,
				6313CB8D28ED629D00E71BFB /* NewReviewTabViewController.swift */,
				633FA35328E6996B00A0E77C /* NewReivewViewController.swift */,
				633FA35728E6A9EF00A0E77C /* NewReviewTableViewCell.swift */,
				633FA35828E6A9EF00A0E77C /* NewReviewTableViewCell.xib */,
				633FA36528EC8B4A00A0E77C /* FollowingViewController.swift */,
				6354CD5B28FFABEE00F08BBD /* CampaignViewController.swift */,
				63FB59952849EA8D00497210 /* TabViewController.swift */,
				639DED0028C89C3D00C79BD3 /* TabViewCollectionViewCell.swift */,
				639DED0128C89C3D00C79BD3 /* TabViewCollectionViewCell.xib */,
				63162842286F3DE8007679DC /* FirstTabViewController.swift */,
				635FC56028618336000835C4 /* SecondTabViewController.swift */,
				635FC5622861834F000835C4 /* ThirdTabViewController.swift */,
				635FC56428618364000835C4 /* ForthTabViewController.swift */,
				63D7E54227E9942D00E99C75 /* SearchViewController.swift */,
				633FA36128EC70E700A0E77C /* MyPageTabViewController.swift */,
				6313CB9128EFA6F400E71BFB /* FollowUserViewController.swift */,
				6313CB9328EFA7A200E71BFB /* FollowUserTableViewCell.swift */,
				6313CB9428EFA7A200E71BFB /* FollowUserTableViewCell.xib */,
				6309D5FB2939C7E000BBE3EE /* MyCalendarViewController.swift */,
				6309D5FD293DAB2600BBE3EE /* MyCalendarTableViewCell.swift */,
				6309D5FE293DAB2600BBE3EE /* MyCalendarTableViewCell.xib */,
				6309D60129403BA800BBE3EE /* WKWebViewController.swift */,
				63D7E54427E9947300E99C75 /* MyReviewViewController.swift */,
				633FA35D28EBF33500A0E77C /* MyReviewTableViewCell.swift */,
				633FA35E28EBF33500A0E77C /* MyReviewTableViewCell.xib */,
				633FA36328EC8AAD00A0E77C /* StockViewController.swift */,
				633FA36D28ECA3AF00A0E77C /* StockCollectionViewCell.swift */,
				633FA36E28ECA3AF00A0E77C /* StockCollectionViewCell.xib */,
				633FA36728EC8B7D00A0E77C /* LikeListViewController.swift */,
				639ACA2F28483E7D005E7BE3 /* ComedianDetailViewController.swift */,
				63208AAF296CFE1B00030E88 /* ComedianScheduleViewController.swift */,
				633FA35B28EA774900A0E77C /* AllReviewViewController.swift */,
				6313CB9728EFB3AD00E71BFB /* ProfilePageTabViewController.swift */,
				63E81FA528F0C8D900EA113C /* ProfileMyReviewViewController.swift */,
				6313CB9B28F0169A00E71BFB /* ProfileStockViewController.swift */,
				6313CB9D28F0176300E71BFB /* ProfileLikeListViewController.swift */,
				63D7E54627E9949200E99C75 /* ReviewViewController.swift */,
				632F88D027F3054B00350624 /* SettingViewController.swift */,
				639DECFA28C77B0E00C79BD3 /* AboutTsubologViewController.swift */,
				6301AE2928B494E1001B03E5 /* InquiryViewController.swift */,
				63CB620F2850A8DE0023638F /* CircleImageView.swift */,
				632F88D227FA8A7900350624 /* ComedianData.swift */,
				632F88D427FABF9500350624 /* ComedianTableViewCell.swift */,
				632F88D527FABF9500350624 /* ComedianTableViewCell.xib */,
				6381D13627E7319A005BDBE2 /* Main.storyboard */,
				630FAE6B2880F66600A3E0F9 /* ComedianReviewTableViewCell.swift */,
				630FAE6C2880F66600A3E0F9 /* ComedianReviewTableViewCell.xib */,
				639D9A90287558B400291D28 /* SearchCollectionReusableView.swift */,
				63134BB328B706BD00B0926D /* PlaceTextView.swift */,
				63134BB528B706D800B0926D /* PlaceTextView.xib */,
				63E81FA728F533B900EA113C /* UpgradeNotice.swift */,
				6381D13927E7319D005BDBE2 /* Assets.xcassets */,
				6381D13B27E7319D005BDBE2 /* LaunchScreen.storyboard */,
				6381D13E27E7319D005BDBE2 /* Info.plist */,
				63D7E54C27EB1CBA00E99C75 /* GoogleService-Info.plist */,
			);
			path = owaraimemo;
			sourceTree = "<group>";
		};
		676D7043B340FDF9A582A809 /* Frameworks */ = {
			isa = PBXGroup;
			children = (
				63B7055029F118CF000368C5 /* Pods_owaraimemo.framework */,
				63B7054E29F118C0000368C5 /* Pods_owaraimemo.framework */,
				631590EB289B95E8001FFDA0 /* AdSupport.framework */,
				632A473C2868400100FB28EA /* Carthage */,
				4E1AC37FB5968BD61215D815 /* Pods_owaraimemo.framework */,
			);
			name = Frameworks;
			sourceTree = "<group>";
		};
/* End PBXGroup section */

/* Begin PBXNativeTarget section */
		6381D12C27E7319A005BDBE2 /* owaraimemo */ = {
			isa = PBXNativeTarget;
			buildConfigurationList = 6381D14127E7319D005BDBE2 /* Build configuration list for PBXNativeTarget "owaraimemo" */;
			buildPhases = (
				59540CF0E665ED0EF03EC325 /* [CP] Check Pods Manifest.lock */,
				6381D12927E7319A005BDBE2 /* Sources */,
				6381D12A27E7319A005BDBE2 /* Frameworks */,
				6381D12B27E7319A005BDBE2 /* Resources */,
				A94BE3E01F8676B081053CE8 /* [CP] Embed Pods Frameworks */,
			);
			buildRules = (
			);
			dependencies = (
			);
			name = owaraimemo;
			productName = owaraimemo;
			productReference = 6381D12D27E7319A005BDBE2 /* owaraimemo.app */;
			productType = "com.apple.product-type.application";
		};
/* End PBXNativeTarget section */

/* Begin PBXProject section */
		6381D12527E7319A005BDBE2 /* Project object */ = {
			isa = PBXProject;
			attributes = {
				LastSwiftUpdateCheck = 1250;
				LastUpgradeCheck = 1250;
				TargetAttributes = {
					6381D12C27E7319A005BDBE2 = {
						CreatedOnToolsVersion = 12.5.1;
					};
				};
			};
			buildConfigurationList = 6381D12827E7319A005BDBE2 /* Build configuration list for PBXProject "owaraimemo" */;
			compatibilityVersion = "Xcode 9.3";
			developmentRegion = en;
			hasScannedForEncodings = 0;
			knownRegions = (
				en,
				Base,
				"ja-JP",
			);
			mainGroup = 6381D12427E7319A005BDBE2;
			productRefGroup = 6381D12E27E7319A005BDBE2 /* Products */;
			projectDirPath = "";
			projectRoot = "";
			targets = (
				6381D12C27E7319A005BDBE2 /* owaraimemo */,
			);
		};
/* End PBXProject section */

/* Begin PBXResourcesBuildPhase section */
		6381D12B27E7319A005BDBE2 /* Resources */ = {
			isa = PBXResourcesBuildPhase;
			buildActionMask = 2147483647;
			files = (
				633FA37028ECA3AF00A0E77C /* StockCollectionViewCell.xib in Resources */,
				6313CB9628EFA7A200E71BFB /* FollowUserTableViewCell.xib in Resources */,
				6381D13D27E7319D005BDBE2 /* LaunchScreen.storyboard in Resources */,
				633FA36028EBF33500A0E77C /* MyReviewTableViewCell.xib in Resources */,
				632F88D727FABF9500350624 /* ComedianTableViewCell.xib in Resources */,
				6381D13A27E7319D005BDBE2 /* Assets.xcassets in Resources */,
				6309D600293DAB2600BBE3EE /* MyCalendarTableViewCell.xib in Resources */,
				6381D13827E7319A005BDBE2 /* Main.storyboard in Resources */,
				63D7E54D27EB1CBA00E99C75 /* GoogleService-Info.plist in Resources */,
				633FA35A28E6A9EF00A0E77C /* NewReviewTableViewCell.xib in Resources */,
				630FAE6E2880F66600A3E0F9 /* ComedianReviewTableViewCell.xib in Resources */,
				63134BB628B706D800B0926D /* PlaceTextView.xib in Resources */,
				639DED0328C89C3D00C79BD3 /* TabViewCollectionViewCell.xib in Resources */,
			);
			runOnlyForDeploymentPostprocessing = 0;
		};
/* End PBXResourcesBuildPhase section */

/* Begin PBXShellScriptBuildPhase section */
		59540CF0E665ED0EF03EC325 /* [CP] Check Pods Manifest.lock */ = {
			isa = PBXShellScriptBuildPhase;
			buildActionMask = 2147483647;
			files = (
			);
			inputFileListPaths = (
			);
			inputPaths = (
				"${PODS_PODFILE_DIR_PATH}/Podfile.lock",
				"${PODS_ROOT}/Manifest.lock",
			);
			name = "[CP] Check Pods Manifest.lock";
			outputFileListPaths = (
			);
			outputPaths = (
				"$(DERIVED_FILE_DIR)/Pods-owaraimemo-checkManifestLockResult.txt",
			);
			runOnlyForDeploymentPostprocessing = 0;
			shellPath = /bin/sh;
			shellScript = "diff \"${PODS_PODFILE_DIR_PATH}/Podfile.lock\" \"${PODS_ROOT}/Manifest.lock\" > /dev/null\nif [ $? != 0 ] ; then\n    # print error to STDERR\n    echo \"error: The sandbox is not in sync with the Podfile.lock. Run 'pod install' or update your CocoaPods installation.\" >&2\n    exit 1\nfi\n# This output is used by Xcode 'outputs' to avoid re-running this script phase.\necho \"SUCCESS\" > \"${SCRIPT_OUTPUT_FILE_0}\"\n";
			showEnvVarsInLog = 0;
		};
		A94BE3E01F8676B081053CE8 /* [CP] Embed Pods Frameworks */ = {
			isa = PBXShellScriptBuildPhase;
			buildActionMask = 2147483647;
			files = (
			);
			inputFileListPaths = (
				"${PODS_ROOT}/Target Support Files/Pods-owaraimemo/Pods-owaraimemo-frameworks-${CONFIGURATION}-input-files.xcfilelist",
			);
			name = "[CP] Embed Pods Frameworks";
			outputFileListPaths = (
				"${PODS_ROOT}/Target Support Files/Pods-owaraimemo/Pods-owaraimemo-frameworks-${CONFIGURATION}-output-files.xcfilelist",
			);
			runOnlyForDeploymentPostprocessing = 0;
			shellPath = /bin/sh;
			shellScript = "\"${PODS_ROOT}/Target Support Files/Pods-owaraimemo/Pods-owaraimemo-frameworks.sh\"\n";
			showEnvVarsInLog = 0;
		};
/* End PBXShellScriptBuildPhase section */

/* Begin PBXSourcesBuildPhase section */
		6381D12927E7319A005BDBE2 /* Sources */ = {
			isa = PBXSourcesBuildPhase;
			buildActionMask = 2147483647;
			files = (
				635FC5632861834F000835C4 /* ThirdTabViewController.swift in Sources */,
				63D7E54927E9C4DB00E99C75 /* LoginViewController.swift in Sources */,
				632F88D127F3054B00350624 /* SettingViewController.swift in Sources */,
				63D7E54B27E9CE0100E99C75 /* TabBarController.swift in Sources */,
				639DECFB28C77B0E00C79BD3 /* AboutTsubologViewController.swift in Sources */,
				635B9BA4287BEF9300ABF9ED /* RecommendLoginViewController.swift in Sources */,
				633FA35C28EA774A00A0E77C /* AllReviewViewController.swift in Sources */,
				635AC59628CDABFD00C9D0E5 /* SignInWithAppleIDButton.swift in Sources */,
				6381D13527E7319A005BDBE2 /* ViewController.swift in Sources */,
				633FA35528E6996B00A0E77C /* NewReivewViewController.swift in Sources */,
				63CAA0BD28ACA3D600AA99E4 /* UserNameViewController.swift in Sources */,
				6309D60229403BA800BBE3EE /* WKWebViewController.swift in Sources */,
				63E81FAC28F5BB9300EA113C /* OnboardingSearchViewController.swift in Sources */,
				6313CB9528EFA7A200E71BFB /* FollowUserTableViewCell.swift in Sources */,
				6313CB9228EFA6F400E71BFB /* FollowUserViewController.swift in Sources */,
				633FA35928E6A9EF00A0E77C /* NewReviewTableViewCell.swift in Sources */,
				63E81FA628F0C8D900EA113C /* ProfileMyReviewViewController.swift in Sources */,
				6313CB9C28F0169A00E71BFB /* ProfileStockViewController.swift in Sources */,
				632F88D627FABF9500350624 /* ComedianTableViewCell.swift in Sources */,
				63208AB0296CFE1B00030E88 /* ComedianScheduleViewController.swift in Sources */,
				633FA35F28EBF33500A0E77C /* MyReviewTableViewCell.swift in Sources */,
				63FB59962849EA8D00497210 /* TabViewController.swift in Sources */,
				63134BB428B706BD00B0926D /* PlaceTextView.swift in Sources */,
				633FA36628EC8B4A00A0E77C /* FollowingViewController.swift in Sources */,
				6313CB9E28F0176300E71BFB /* ProfileLikeListViewController.swift in Sources */,
				63CB62102850A8DE0023638F /* CircleImageView.swift in Sources */,
				634F867C28A63C8300CAE6BA /* AnalyticsUserProperty.swift in Sources */,
				6313CB9828EFB3AD00E71BFB /* ProfilePageTabViewController.swift in Sources */,
				639ACA3028483E7E005E7BE3 /* ComedianDetailViewController.swift in Sources */,
				633FA36428EC8AAD00A0E77C /* StockViewController.swift in Sources */,
				6309D5FC2939C7E000BBE3EE /* MyCalendarViewController.swift in Sources */,
				639D9A91287558B400291D28 /* SearchCollectionReusableView.swift in Sources */,
				634F867A28A637B700CAE6BA /* AnalyticsUtil.swift in Sources */,
				635FC56128618336000835C4 /* SecondTabViewController.swift in Sources */,
				63E81FB328F66FE700EA113C /* OnboardingPageViewController.swift in Sources */,
				630FAE6D2880F66600A3E0F9 /* ComedianReviewTableViewCell.swift in Sources */,
				630964B7281EDB32006F211B /* TermViewController.swift in Sources */,
				639DED0228C89C3D00C79BD3 /* TabViewCollectionViewCell.swift in Sources */,
				633FA36F28ECA3AF00A0E77C /* StockCollectionViewCell.swift in Sources */,
				6313CB8E28ED629E00E71BFB /* NewReviewTabViewController.swift in Sources */,
				6381D13127E7319A005BDBE2 /* AppDelegate.swift in Sources */,
				6354CD5C28FFABEE00F08BBD /* CampaignViewController.swift in Sources */,
				63D7E54727E9949200E99C75 /* ReviewViewController.swift in Sources */,
				63E81FAA28F5BB6600EA113C /* OnboardingViewController.swift in Sources */,
				635FC56528618364000835C4 /* ForthTabViewController.swift in Sources */,
				6309D5FF293DAB2600BBE3EE /* MyCalendarTableViewCell.swift in Sources */,
				63E81FAE28F5BBCE00EA113C /* OnboardingReviewViewController.swift in Sources */,
				638CD1EB27F29812002DCEFC /* StartViewController.swift in Sources */,
				63799BF728F796E3000EB575 /* OnboardingCreateNewViewController.swift in Sources */,
				6301AE2A28B494E1001B03E5 /* InquiryViewController.swift in Sources */,
				632F88D327FA8A7900350624 /* ComedianData.swift in Sources */,
				633FA36228EC70E700A0E77C /* MyPageTabViewController.swift in Sources */,
				63E81FA828F533BA00EA113C /* UpgradeNotice.swift in Sources */,
				630964B9281EDBA3006F211B /* PrivacyPolicyViewController.swift in Sources */,
				63D7E54527E9947300E99C75 /* MyReviewViewController.swift in Sources */,
				63D7E54327E9942D00E99C75 /* SearchViewController.swift in Sources */,
				63162843286F3DE8007679DC /* FirstTabViewController.swift in Sources */,
				633FA36828EC8B7D00A0E77C /* LikeListViewController.swift in Sources */,
				6381D13327E7319A005BDBE2 /* SceneDelegate.swift in Sources */,
				638CD1ED27F2987B002DCEFC /* CreateNewViewController.swift in Sources */,
			);
			runOnlyForDeploymentPostprocessing = 0;
		};
/* End PBXSourcesBuildPhase section */

/* Begin PBXVariantGroup section */
		6381D13627E7319A005BDBE2 /* Main.storyboard */ = {
			isa = PBXVariantGroup;
			children = (
				6381D13727E7319A005BDBE2 /* Base */,
				635AC59928CDB63E00C9D0E5 /* ja-JP */,
			);
			name = Main.storyboard;
			sourceTree = "<group>";
		};
		6381D13B27E7319D005BDBE2 /* LaunchScreen.storyboard */ = {
			isa = PBXVariantGroup;
			children = (
				6381D13C27E7319D005BDBE2 /* Base */,
				635AC59A28CDB63E00C9D0E5 /* ja-JP */,
			);
			name = LaunchScreen.storyboard;
			sourceTree = "<group>";
		};
/* End PBXVariantGroup section */

/* Begin XCBuildConfiguration section */
		6381D13F27E7319D005BDBE2 /* Debug */ = {
			isa = XCBuildConfiguration;
			buildSettings = {
				ALWAYS_SEARCH_USER_PATHS = NO;
				CLANG_ANALYZER_LOCALIZABILITY_NONLOCALIZED = YES;
				CLANG_ANALYZER_NONNULL = YES;
				CLANG_ANALYZER_NUMBER_OBJECT_CONVERSION = YES_AGGRESSIVE;
				CLANG_CXX_LANGUAGE_STANDARD = "gnu++14";
				CLANG_CXX_LIBRARY = "libc++";
				CLANG_ENABLE_MODULES = YES;
				CLANG_ENABLE_OBJC_ARC = YES;
				CLANG_ENABLE_OBJC_WEAK = YES;
				CLANG_WARN_BLOCK_CAPTURE_AUTORELEASING = YES;
				CLANG_WARN_BOOL_CONVERSION = YES;
				CLANG_WARN_COMMA = YES;
				CLANG_WARN_CONSTANT_CONVERSION = YES;
				CLANG_WARN_DEPRECATED_OBJC_IMPLEMENTATIONS = YES;
				CLANG_WARN_DIRECT_OBJC_ISA_USAGE = YES_ERROR;
				CLANG_WARN_DOCUMENTATION_COMMENTS = YES;
				CLANG_WARN_EMPTY_BODY = YES;
				CLANG_WARN_ENUM_CONVERSION = YES;
				CLANG_WARN_INFINITE_RECURSION = YES;
				CLANG_WARN_INT_CONVERSION = YES;
				CLANG_WARN_NON_LITERAL_NULL_CONVERSION = YES;
				CLANG_WARN_OBJC_IMPLICIT_RETAIN_SELF = YES;
				CLANG_WARN_OBJC_LITERAL_CONVERSION = YES;
				CLANG_WARN_OBJC_ROOT_CLASS = YES_ERROR;
				CLANG_WARN_QUOTED_INCLUDE_IN_FRAMEWORK_HEADER = YES;
				CLANG_WARN_RANGE_LOOP_ANALYSIS = YES;
				CLANG_WARN_STRICT_PROTOTYPES = YES;
				CLANG_WARN_SUSPICIOUS_MOVE = YES;
				CLANG_WARN_UNGUARDED_AVAILABILITY = YES_AGGRESSIVE;
				CLANG_WARN_UNREACHABLE_CODE = YES;
				CLANG_WARN__DUPLICATE_METHOD_MATCH = YES;
				COPY_PHASE_STRIP = NO;
				DEBUG_INFORMATION_FORMAT = dwarf;
				ENABLE_STRICT_OBJC_MSGSEND = YES;
				ENABLE_TESTABILITY = YES;
				EXCLUDED_ARCHS = arm64;
				GCC_C_LANGUAGE_STANDARD = gnu11;
				GCC_DYNAMIC_NO_PIC = NO;
				GCC_NO_COMMON_BLOCKS = YES;
				GCC_OPTIMIZATION_LEVEL = 0;
				GCC_PREPROCESSOR_DEFINITIONS = (
					"DEBUG=1",
					"$(inherited)",
				);
				GCC_WARN_64_TO_32_BIT_CONVERSION = YES;
				GCC_WARN_ABOUT_RETURN_TYPE = YES_ERROR;
				GCC_WARN_UNDECLARED_SELECTOR = YES;
				GCC_WARN_UNINITIALIZED_AUTOS = YES_AGGRESSIVE;
				GCC_WARN_UNUSED_FUNCTION = YES;
				GCC_WARN_UNUSED_VARIABLE = YES;
				IPHONEOS_DEPLOYMENT_TARGET = 13.5;
				MTL_ENABLE_DEBUG_INFO = INCLUDE_SOURCE;
				MTL_FAST_MATH = YES;
				ONLY_ACTIVE_ARCH = YES;
				SDKROOT = iphoneos;
				SWIFT_ACTIVE_COMPILATION_CONDITIONS = DEBUG;
				SWIFT_OPTIMIZATION_LEVEL = "-Onone";
			};
			name = Debug;
		};
		6381D14027E7319D005BDBE2 /* Release */ = {
			isa = XCBuildConfiguration;
			buildSettings = {
				ALWAYS_SEARCH_USER_PATHS = NO;
				CLANG_ANALYZER_LOCALIZABILITY_NONLOCALIZED = YES;
				CLANG_ANALYZER_NONNULL = YES;
				CLANG_ANALYZER_NUMBER_OBJECT_CONVERSION = YES_AGGRESSIVE;
				CLANG_CXX_LANGUAGE_STANDARD = "gnu++14";
				CLANG_CXX_LIBRARY = "libc++";
				CLANG_ENABLE_MODULES = YES;
				CLANG_ENABLE_OBJC_ARC = YES;
				CLANG_ENABLE_OBJC_WEAK = YES;
				CLANG_WARN_BLOCK_CAPTURE_AUTORELEASING = YES;
				CLANG_WARN_BOOL_CONVERSION = YES;
				CLANG_WARN_COMMA = YES;
				CLANG_WARN_CONSTANT_CONVERSION = YES;
				CLANG_WARN_DEPRECATED_OBJC_IMPLEMENTATIONS = YES;
				CLANG_WARN_DIRECT_OBJC_ISA_USAGE = YES_ERROR;
				CLANG_WARN_DOCUMENTATION_COMMENTS = YES;
				CLANG_WARN_EMPTY_BODY = YES;
				CLANG_WARN_ENUM_CONVERSION = YES;
				CLANG_WARN_INFINITE_RECURSION = YES;
				CLANG_WARN_INT_CONVERSION = YES;
				CLANG_WARN_NON_LITERAL_NULL_CONVERSION = YES;
				CLANG_WARN_OBJC_IMPLICIT_RETAIN_SELF = YES;
				CLANG_WARN_OBJC_LITERAL_CONVERSION = YES;
				CLANG_WARN_OBJC_ROOT_CLASS = YES_ERROR;
				CLANG_WARN_QUOTED_INCLUDE_IN_FRAMEWORK_HEADER = YES;
				CLANG_WARN_RANGE_LOOP_ANALYSIS = YES;
				CLANG_WARN_STRICT_PROTOTYPES = YES;
				CLANG_WARN_SUSPICIOUS_MOVE = YES;
				CLANG_WARN_UNGUARDED_AVAILABILITY = YES_AGGRESSIVE;
				CLANG_WARN_UNREACHABLE_CODE = YES;
				CLANG_WARN__DUPLICATE_METHOD_MATCH = YES;
				COPY_PHASE_STRIP = NO;
				DEBUG_INFORMATION_FORMAT = "dwarf-with-dsym";
				ENABLE_NS_ASSERTIONS = NO;
				ENABLE_STRICT_OBJC_MSGSEND = YES;
				EXCLUDED_ARCHS = arm64;
				GCC_C_LANGUAGE_STANDARD = gnu11;
				GCC_NO_COMMON_BLOCKS = YES;
				GCC_WARN_64_TO_32_BIT_CONVERSION = YES;
				GCC_WARN_ABOUT_RETURN_TYPE = YES_ERROR;
				GCC_WARN_UNDECLARED_SELECTOR = YES;
				GCC_WARN_UNINITIALIZED_AUTOS = YES_AGGRESSIVE;
				GCC_WARN_UNUSED_FUNCTION = YES;
				GCC_WARN_UNUSED_VARIABLE = YES;
				IPHONEOS_DEPLOYMENT_TARGET = 13.5;
				MTL_ENABLE_DEBUG_INFO = NO;
				MTL_FAST_MATH = YES;
				SDKROOT = iphoneos;
				SWIFT_COMPILATION_MODE = wholemodule;
				SWIFT_OPTIMIZATION_LEVEL = "-O";
				VALIDATE_PRODUCT = YES;
			};
			name = Release;
		};
		6381D14227E7319D005BDBE2 /* Debug */ = {
			isa = XCBuildConfiguration;
			baseConfigurationReference = 9A688DBA21CF5337964A2007 /* Pods-owaraimemo.debug.xcconfig */;
			buildSettings = {
				ASSETCATALOG_COMPILER_APPICON_NAME = AppIcon;
				ASSETCATALOG_COMPILER_GLOBAL_ACCENT_COLOR_NAME = AccentColor;
				CODE_SIGN_ENTITLEMENTS = owaraimemo/owaraimemo.entitlements;
				CODE_SIGN_STYLE = Automatic;
				CURRENT_PROJECT_VERSION = 1.0;
				DEVELOPMENT_TEAM = LSQ9SX3LQZ;
				INFOPLIST_FILE = owaraimemo/Info.plist;
				IPHONEOS_DEPLOYMENT_TARGET = 13.0;
				LD_RUNPATH_SEARCH_PATHS = (
					"$(inherited)",
					"@executable_path/Frameworks",
				);
				MARKETING_VERSION = 2.4;
				PRODUCT_BUNDLE_IDENTIFIER = jp.owaraiapp.rino.yamamoto.owaraimemo;
				PRODUCT_NAME = "$(TARGET_NAME)";
				SWIFT_VERSION = 5.0;
				TARGETED_DEVICE_FAMILY = 1;
			};
			name = Debug;
		};
		6381D14327E7319D005BDBE2 /* Release */ = {
			isa = XCBuildConfiguration;
			baseConfigurationReference = C59E7E0716B715DBE0A727EF /* Pods-owaraimemo.release.xcconfig */;
			buildSettings = {
				ASSETCATALOG_COMPILER_APPICON_NAME = AppIcon;
				ASSETCATALOG_COMPILER_GLOBAL_ACCENT_COLOR_NAME = AccentColor;
				CODE_SIGN_ENTITLEMENTS = owaraimemo/owaraimemo.entitlements;
				CODE_SIGN_STYLE = Automatic;
				CURRENT_PROJECT_VERSION = 1.0;
				DEVELOPMENT_TEAM = LSQ9SX3LQZ;
				INFOPLIST_FILE = owaraimemo/Info.plist;
				IPHONEOS_DEPLOYMENT_TARGET = 13.0;
				LD_RUNPATH_SEARCH_PATHS = (
					"$(inherited)",
					"@executable_path/Frameworks",
				);
				MARKETING_VERSION = 2.4;
				PRODUCT_BUNDLE_IDENTIFIER = jp.owaraiapp.rino.yamamoto.owaraimemo;
				PRODUCT_NAME = "$(TARGET_NAME)";
				SWIFT_VERSION = 5.0;
				TARGETED_DEVICE_FAMILY = 1;
			};
			name = Release;
		};
/* End XCBuildConfiguration section */

/* Begin XCConfigurationList section */
		6381D12827E7319A005BDBE2 /* Build configuration list for PBXProject "owaraimemo" */ = {
			isa = XCConfigurationList;
			buildConfigurations = (
				6381D13F27E7319D005BDBE2 /* Debug */,
				6381D14027E7319D005BDBE2 /* Release */,
			);
			defaultConfigurationIsVisible = 0;
			defaultConfigurationName = Release;
		};
		6381D14127E7319D005BDBE2 /* Build configuration list for PBXNativeTarget "owaraimemo" */ = {
			isa = XCConfigurationList;
			buildConfigurations = (
				6381D14227E7319D005BDBE2 /* Debug */,
				6381D14327E7319D005BDBE2 /* Release */,
			);
			defaultConfigurationIsVisible = 0;
			defaultConfigurationName = Release;
		};
/* End XCConfigurationList section */
	};
	rootObject = 6381D12527E7319A005BDBE2 /* Project object */;
}
